// !$*UTF8*$!
{
	archiveVersion = 1;
	classes = {
	};
	objectVersion = 45;
	objects = {

/* Begin PBXBuildFile section */
		1D60589B0D05DD56006BFB54 /* main.m in Sources */ = {isa = PBXBuildFile; fileRef = 29B97316FDCFA39411CA2CEA /* main.m */; };
		1D60589F0D05DD5A006BFB54 /* Foundation.framework in Frameworks */ = {isa = PBXBuildFile; fileRef = 1D30AB110D05D00D00671497 /* Foundation.framework */; };
		1DF5F4E00D08C38300B7A737 /* UIKit.framework in Frameworks */ = {isa = PBXBuildFile; fileRef = 1DF5F4DF0D08C38300B7A737 /* UIKit.framework */; };
		2860E329111B887F00E27156 /* MainWindow_iPhone.xib in Resources */ = {isa = PBXBuildFile; fileRef = 2860E327111B887F00E27156 /* MainWindow_iPhone.xib */; };
		2860E32F111B888700E27156 /* MainWindow_iPad.xib in Resources */ = {isa = PBXBuildFile; fileRef = 2860E32D111B888700E27156 /* MainWindow_iPad.xib */; };
		288765FD0DF74451002DB57D /* CoreGraphics.framework in Frameworks */ = {isa = PBXBuildFile; fileRef = 288765FC0DF74451002DB57D /* CoreGraphics.framework */; };
		D5321900131629F400370125 /* Icon.png in Resources */ = {isa = PBXBuildFile; fileRef = D53218FF131629F400370125 /* Icon.png */; };
		D5ACE2CB12F0ECBD002805F8 /* AppDelegate_iPad.m in Sources */ = {isa = PBXBuildFile; fileRef = D5ACE2CA12F0ECBD002805F8 /* AppDelegate_iPad.m */; };
		D5ACE2CE12F0ECF8002805F8 /* AppDelegate_iPhone.m in Sources */ = {isa = PBXBuildFile; fileRef = D5ACE2CD12F0ECF8002805F8 /* AppDelegate_iPhone.m */; };
		D5ACE2D112F0ED08002805F8 /* MainViewController.m in Sources */ = {isa = PBXBuildFile; fileRef = D5ACE2D012F0ED08002805F8 /* MainViewController.m */; };
		D5ACE2E812F0F037002805F8 /* PRPTileView.m in Sources */ = {isa = PBXBuildFile; fileRef = D5ACE2E712F0F037002805F8 /* PRPTileView.m */; };
		D5ACE2EC12F0F13A002805F8 /* MediaPlayer.framework in Frameworks */ = {isa = PBXBuildFile; fileRef = D5ACE2EB12F0F13A002805F8 /* MediaPlayer.framework */; };
		D5ACE2F012F0F14A002805F8 /* QuartzCore.framework in Frameworks */ = {isa = PBXBuildFile; fileRef = D5ACE2EF12F0F14A002805F8 /* QuartzCore.framework */; };
		D5ACE39312F0FA44002805F8 /* PRPTiledLayer.m in Sources */ = {isa = PBXBuildFile; fileRef = D5ACE39212F0FA44002805F8 /* PRPTiledLayer.m */; };
		D5ACE44912F2163D002805F8 /* missing.png in Resources */ = {isa = PBXBuildFile; fileRef = D5ACE44812F2163D002805F8 /* missing.png */; };
		D5D186EC1316376F0051477F /* PRPMusicViewController.m in Sources */ = {isa = PBXBuildFile; fileRef = D5D186E91316376F0051477F /* PRPMusicViewController.m */; };
		D5D186ED1316376F0051477F /* PRPMusicControllerView.xib in Resources */ = {isa = PBXBuildFile; fileRef = D5D186EA1316376F0051477F /* PRPMusicControllerView.xib */; };
		D5D186F6131637930051477F /* jewelCaseNoCD.png in Resources */ = {isa = PBXBuildFile; fileRef = D5D186EF131637930051477F /* jewelCaseNoCD.png */; };
		D5D186F7131637930051477F /* mediumPauseButton.png in Resources */ = {isa = PBXBuildFile; fileRef = D5D186F0131637930051477F /* mediumPauseButton.png */; };
		D5D186F8131637930051477F /* mediumPlayButton.png in Resources */ = {isa = PBXBuildFile; fileRef = D5D186F1131637930051477F /* mediumPlayButton.png */; };
		D5D186F9131637930051477F /* smallPreviousButton.png in Resources */ = {isa = PBXBuildFile; fileRef = D5D186F2131637930051477F /* smallPreviousButton.png */; };
		D5D186FA131637930051477F /* smallPauseButton.png in Resources */ = {isa = PBXBuildFile; fileRef = D5D186F3131637930051477F /* smallPauseButton.png */; };
		D5D186FB131637930051477F /* smallNextButton.png in Resources */ = {isa = PBXBuildFile; fileRef = D5D186F4131637930051477F /* smallNextButton.png */; };
		D5D186FC131637930051477F /* playButtonSmall.png in Resources */ = {isa = PBXBuildFile; fileRef = D5D186F5131637930051477F /* playButtonSmall.png */; };
/* End PBXBuildFile section */

/* Begin PBXFileReference section */
		1D30AB110D05D00D00671497 /* Foundation.framework */ = {isa = PBXFileReference; lastKnownFileType = wrapper.framework; name = Foundation.framework; path = System/Library/Frameworks/Foundation.framework; sourceTree = SDKROOT; };
		1D6058910D05DD3D006BFB54 /* InfintePlayback.app */ = {isa = PBXFileReference; explicitFileType = wrapper.application; includeInIndex = 0; path = InfintePlayback.app; sourceTree = BUILT_PRODUCTS_DIR; };
		1DF5F4DF0D08C38300B7A737 /* UIKit.framework */ = {isa = PBXFileReference; lastKnownFileType = wrapper.framework; name = UIKit.framework; path = System/Library/Frameworks/UIKit.framework; sourceTree = SDKROOT; };
		2860E327111B887F00E27156 /* MainWindow_iPhone.xib */ = {isa = PBXFileReference; lastKnownFileType = file.xib; path = MainWindow_iPhone.xib; sourceTree = "<group>"; };
		2860E32D111B888700E27156 /* MainWindow_iPad.xib */ = {isa = PBXFileReference; lastKnownFileType = file.xib; path = MainWindow_iPad.xib; sourceTree = "<group>"; };
		288765FC0DF74451002DB57D /* CoreGraphics.framework */ = {isa = PBXFileReference; lastKnownFileType = wrapper.framework; name = CoreGraphics.framework; path = System/Library/Frameworks/CoreGraphics.framework; sourceTree = SDKROOT; };
		29B97316FDCFA39411CA2CEA /* main.m */ = {isa = PBXFileReference; fileEncoding = 4; lastKnownFileType = sourcecode.c.objc; name = main.m; path = Shared/main.m; sourceTree = "<group>"; };
		32CA4F630368D1EE00C91783 /* InfintePlayback_Prefix.pch */ = {isa = PBXFileReference; fileEncoding = 4; lastKnownFileType = sourcecode.c.h; path = InfintePlayback_Prefix.pch; sourceTree = "<group>"; };
		8D1107310486CEB800E47090 /* InfintePlayback-Info.plist */ = {isa = PBXFileReference; fileEncoding = 4; lastKnownFileType = text.plist.xml; path = "InfintePlayback-Info.plist"; plistStructureDefinitionIdentifier = "com.apple.xcode.plist.structure-definition.iphone.info-plist"; sourceTree = "<group>"; };
		D53218FF131629F400370125 /* Icon.png */ = {isa = PBXFileReference; lastKnownFileType = image.png; path = Icon.png; sourceTree = "<group>"; };
		D5ACE2C912F0ECBD002805F8 /* AppDelegate_iPad.h */ = {isa = PBXFileReference; fileEncoding = 4; lastKnownFileType = sourcecode.c.h; path = AppDelegate_iPad.h; sourceTree = "<group>"; };
		D5ACE2CA12F0ECBD002805F8 /* AppDelegate_iPad.m */ = {isa = PBXFileReference; fileEncoding = 4; lastKnownFileType = sourcecode.c.objc; path = AppDelegate_iPad.m; sourceTree = "<group>"; };
		D5ACE2CC12F0ECF8002805F8 /* AppDelegate_iPhone.h */ = {isa = PBXFileReference; fileEncoding = 4; lastKnownFileType = sourcecode.c.h; path = AppDelegate_iPhone.h; sourceTree = "<group>"; };
		D5ACE2CD12F0ECF8002805F8 /* AppDelegate_iPhone.m */ = {isa = PBXFileReference; fileEncoding = 4; lastKnownFileType = sourcecode.c.objc; path = AppDelegate_iPhone.m; sourceTree = "<group>"; };
		D5ACE2CF12F0ED08002805F8 /* MainViewController.h */ = {isa = PBXFileReference; fileEncoding = 4; lastKnownFileType = sourcecode.c.h; path = MainViewController.h; sourceTree = "<group>"; };
		D5ACE2D012F0ED08002805F8 /* MainViewController.m */ = {isa = PBXFileReference; fileEncoding = 4; lastKnownFileType = sourcecode.c.objc; path = MainViewController.m; sourceTree = "<group>"; };
		D5ACE2E612F0F037002805F8 /* PRPTileView.h */ = {isa = PBXFileReference; fileEncoding = 4; lastKnownFileType = sourcecode.c.h; path = PRPTileView.h; sourceTree = "<group>"; };
		D5ACE2E712F0F037002805F8 /* PRPTileView.m */ = {isa = PBXFileReference; fileEncoding = 4; lastKnownFileType = sourcecode.c.objc; path = PRPTileView.m; sourceTree = "<group>"; };
		D5ACE2EB12F0F13A002805F8 /* MediaPlayer.framework */ = {isa = PBXFileReference; lastKnownFileType = wrapper.framework; name = MediaPlayer.framework; path = System/Library/Frameworks/MediaPlayer.framework; sourceTree = SDKROOT; };
		D5ACE2EF12F0F14A002805F8 /* QuartzCore.framework */ = {isa = PBXFileReference; lastKnownFileType = wrapper.framework; name = QuartzCore.framework; path = System/Library/Frameworks/QuartzCore.framework; sourceTree = SDKROOT; };
		D5ACE39112F0FA3B002805F8 /* PRPTiledLayer.h */ = {isa = PBXFileReference; fileEncoding = 4; lastKnownFileType = sourcecode.c.h; path = PRPTiledLayer.h; sourceTree = "<group>"; };
		D5ACE39212F0FA44002805F8 /* PRPTiledLayer.m */ = {isa = PBXFileReference; fileEncoding = 4; lastKnownFileType = sourcecode.c.objc; path = PRPTiledLayer.m; sourceTree = "<group>"; };
		D5ACE44812F2163D002805F8 /* missing.png */ = {isa = PBXFileReference; lastKnownFileType = image.png; path = missing.png; sourceTree = "<group>"; };
		D5D186E91316376F0051477F /* PRPMusicViewController.m */ = {isa = PBXFileReference; fileEncoding = 4; lastKnownFileType = sourcecode.c.objc; path = PRPMusicViewController.m; sourceTree = "<group>"; };
		D5D186EA1316376F0051477F /* PRPMusicControllerView.xib */ = {isa = PBXFileReference; fileEncoding = 4; lastKnownFileType = file.xib; path = PRPMusicControllerView.xib; sourceTree = "<group>"; };
		D5D186EB1316376F0051477F /* PRPMusicViewController.h */ = {isa = PBXFileReference; fileEncoding = 4; lastKnownFileType = sourcecode.c.h; path = PRPMusicViewController.h; sourceTree = "<group>"; };
		D5D186EF131637930051477F /* jewelCaseNoCD.png */ = {isa = PBXFileReference; lastKnownFileType = image.png; path = jewelCaseNoCD.png; sourceTree = "<group>"; };
		D5D186F0131637930051477F /* mediumPauseButton.png */ = {isa = PBXFileReference; lastKnownFileType = image.png; path = mediumPauseButton.png; sourceTree = "<group>"; };
		D5D186F1131637930051477F /* mediumPlayButton.png */ = {isa = PBXFileReference; lastKnownFileType = image.png; path = mediumPlayButton.png; sourceTree = "<group>"; };
		D5D186F2131637930051477F /* smallPreviousButton.png */ = {isa = PBXFileReference; lastKnownFileType = image.png; path = smallPreviousButton.png; sourceTree = "<group>"; };
		D5D186F3131637930051477F /* smallPauseButton.png */ = {isa = PBXFileReference; lastKnownFileType = image.png; path = smallPauseButton.png; sourceTree = "<group>"; };
		D5D186F4131637930051477F /* smallNextButton.png */ = {isa = PBXFileReference; lastKnownFileType = image.png; path = smallNextButton.png; sourceTree = "<group>"; };
		D5D186F5131637930051477F /* playButtonSmall.png */ = {isa = PBXFileReference; lastKnownFileType = image.png; path = playButtonSmall.png; sourceTree = "<group>"; };
/* End PBXFileReference section */

/* Begin PBXFrameworksBuildPhase section */
		1D60588F0D05DD3D006BFB54 /* Frameworks */ = {
			isa = PBXFrameworksBuildPhase;
			buildActionMask = 2147483647;
			files = (
				1D60589F0D05DD5A006BFB54 /* Foundation.framework in Frameworks */,
				1DF5F4E00D08C38300B7A737 /* UIKit.framework in Frameworks */,
				288765FD0DF74451002DB57D /* CoreGraphics.framework in Frameworks */,
				D5ACE2EC12F0F13A002805F8 /* MediaPlayer.framework in Frameworks */,
				D5ACE2F012F0F14A002805F8 /* QuartzCore.framework in Frameworks */,
			);
			runOnlyForDeploymentPostprocessing = 0;
		};
/* End PBXFrameworksBuildPhase section */

/* Begin PBXGroup section */
		19C28FACFE9D520D11CA2CBB /* Products */ = {
			isa = PBXGroup;
			children = (
				1D6058910D05DD3D006BFB54 /* InfintePlayback.app */,
			);
			name = Products;
			sourceTree = "<group>";
		};
		2860E324111B887F00E27156 /* iPhone */ = {
			isa = PBXGroup;
			children = (
				D5ACE2CC12F0ECF8002805F8 /* AppDelegate_iPhone.h */,
				D5ACE2CD12F0ECF8002805F8 /* AppDelegate_iPhone.m */,
				2860E327111B887F00E27156 /* MainWindow_iPhone.xib */,
			);
			path = iPhone;
			sourceTree = "<group>";
		};
		2860E32A111B888700E27156 /* iPad */ = {
			isa = PBXGroup;
			children = (
				D5ACE2C912F0ECBD002805F8 /* AppDelegate_iPad.h */,
				D5ACE2CA12F0ECBD002805F8 /* AppDelegate_iPad.m */,
				2860E32D111B888700E27156 /* MainWindow_iPad.xib */,
			);
			path = iPad;
			sourceTree = "<group>";
		};
		28EEBF621118D79A00187D67 /* Shared */ = {
			isa = PBXGroup;
			children = (
				D5D186EB1316376F0051477F /* PRPMusicViewController.h */,
				D5D186E91316376F0051477F /* PRPMusicViewController.m */,
				D5D186EA1316376F0051477F /* PRPMusicControllerView.xib */,
				D5ACE2CF12F0ED08002805F8 /* MainViewController.h */,
				D5ACE2D012F0ED08002805F8 /* MainViewController.m */,
				D5ACE2E612F0F037002805F8 /* PRPTileView.h */,
				D5ACE2E712F0F037002805F8 /* PRPTileView.m */,
				D5ACE39112F0FA3B002805F8 /* PRPTiledLayer.h */,
				D5ACE39212F0FA44002805F8 /* PRPTiledLayer.m */,
				D5D186EE131637760051477F /* Images */,
			);
			name = Shared;
			sourceTree = "<group>";
		};
		29B97314FDCFA39411CA2CEA /* CustomTemplate */ = {
			isa = PBXGroup;
			children = (
				2860E32A111B888700E27156 /* iPad */,
				2860E324111B887F00E27156 /* iPhone */,
				28EEBF621118D79A00187D67 /* Shared */,
				29B97315FDCFA39411CA2CEA /* Other Sources */,
				29B97323FDCFA39411CA2CEA /* Frameworks */,
				19C28FACFE9D520D11CA2CBB /* Products */,
			);
			name = CustomTemplate;
			sourceTree = "<group>";
		};
		29B97315FDCFA39411CA2CEA /* Other Sources */ = {
			isa = PBXGroup;
			children = (
				D53218FF131629F400370125 /* Icon.png */,
				D5ACE44812F2163D002805F8 /* missing.png */,
				8D1107310486CEB800E47090 /* InfintePlayback-Info.plist */,
				32CA4F630368D1EE00C91783 /* InfintePlayback_Prefix.pch */,
				29B97316FDCFA39411CA2CEA /* main.m */,
			);
			name = "Other Sources";
			sourceTree = "<group>";
		};
		29B97323FDCFA39411CA2CEA /* Frameworks */ = {
			isa = PBXGroup;
			children = (
				1DF5F4DF0D08C38300B7A737 /* UIKit.framework */,
				1D30AB110D05D00D00671497 /* Foundation.framework */,
				288765FC0DF74451002DB57D /* CoreGraphics.framework */,
				D5ACE2EB12F0F13A002805F8 /* MediaPlayer.framework */,
				D5ACE2EF12F0F14A002805F8 /* QuartzCore.framework */,
			);
			name = Frameworks;
			sourceTree = "<group>";
		};
		D5D186EE131637760051477F /* Images */ = {
			isa = PBXGroup;
			children = (
				D5D186EF131637930051477F /* jewelCaseNoCD.png */,
				D5D186F0131637930051477F /* mediumPauseButton.png */,
				D5D186F1131637930051477F /* mediumPlayButton.png */,
				D5D186F2131637930051477F /* smallPreviousButton.png */,
				D5D186F3131637930051477F /* smallPauseButton.png */,
				D5D186F4131637930051477F /* smallNextButton.png */,
				D5D186F5131637930051477F /* playButtonSmall.png */,
			);
			name = Images;
			sourceTree = "<group>";
		};
/* End PBXGroup section */

/* Begin PBXNativeTarget section */
		1D6058900D05DD3D006BFB54 /* InfintePlayback */ = {
			isa = PBXNativeTarget;
			buildConfigurationList = 1D6058960D05DD3E006BFB54 /* Build configuration list for PBXNativeTarget "InfintePlayback" */;
			buildPhases = (
				1D60588D0D05DD3D006BFB54 /* Resources */,
				1D60588E0D05DD3D006BFB54 /* Sources */,
				1D60588F0D05DD3D006BFB54 /* Frameworks */,
			);
			buildRules = (
			);
			dependencies = (
			);
			name = InfintePlayback;
			productName = InfiniteImages;
			productReference = 1D6058910D05DD3D006BFB54 /* InfintePlayback.app */;
			productType = "com.apple.product-type.application";
		};
/* End PBXNativeTarget section */

/* Begin PBXProject section */
		29B97313FDCFA39411CA2CEA /* Project object */ = {
			isa = PBXProject;
			buildConfigurationList = C01FCF4E08A954540054247B /* Build configuration list for PBXProject "InfintePlayback" */;
			compatibilityVersion = "Xcode 3.1";
			developmentRegion = English;
			hasScannedForEncodings = 1;
			knownRegions = (
				English,
				Japanese,
				French,
				German,
			);
			mainGroup = 29B97314FDCFA39411CA2CEA /* CustomTemplate */;
			projectDirPath = "";
			projectRoot = "";
			targets = (
				1D6058900D05DD3D006BFB54 /* InfintePlayback */,
			);
		};
/* End PBXProject section */

/* Begin PBXResourcesBuildPhase section */
		1D60588D0D05DD3D006BFB54 /* Resources */ = {
			isa = PBXResourcesBuildPhase;
			buildActionMask = 2147483647;
			files = (
				2860E329111B887F00E27156 /* MainWindow_iPhone.xib in Resources */,
				2860E32F111B888700E27156 /* MainWindow_iPad.xib in Resources */,
				D5ACE44912F2163D002805F8 /* missing.png in Resources */,
				D5321900131629F400370125 /* Icon.png in Resources */,
				D5D186ED1316376F0051477F /* PRPMusicControllerView.xib in Resources */,
				D5D186F6131637930051477F /* jewelCaseNoCD.png in Resources */,
				D5D186F7131637930051477F /* mediumPauseButton.png in Resources */,
				D5D186F8131637930051477F /* mediumPlayButton.png in Resources */,
				D5D186F9131637930051477F /* smallPreviousButton.png in Resources */,
				D5D186FA131637930051477F /* smallPauseButton.png in Resources */,
				D5D186FB131637930051477F /* smallNextButton.png in Resources */,
				D5D186FC131637930051477F /* playButtonSmall.png in Resources */,
			);
			runOnlyForDeploymentPostprocessing = 0;
		};
/* End PBXResourcesBuildPhase section */

/* Begin PBXSourcesBuildPhase section */
		1D60588E0D05DD3D006BFB54 /* Sources */ = {
			isa = PBXSourcesBuildPhase;
			buildActionMask = 2147483647;
			files = (
				1D60589B0D05DD56006BFB54 /* main.m in Sources */,
				D5ACE2CB12F0ECBD002805F8 /* AppDelegate_iPad.m in Sources */,
				D5ACE2CE12F0ECF8002805F8 /* AppDelegate_iPhone.m in Sources */,
				D5ACE2D112F0ED08002805F8 /* MainViewController.m in Sources */,
				D5ACE2E812F0F037002805F8 /* PRPTileView.m in Sources */,
				D5ACE39312F0FA44002805F8 /* PRPTiledLayer.m in Sources */,
				D5D186EC1316376F0051477F /* PRPMusicViewController.m in Sources */,
			);
			runOnlyForDeploymentPostprocessing = 0;
		};
/* End PBXSourcesBuildPhase section */

/* Begin XCBuildConfiguration section */
		1D6058940D05DD3E006BFB54 /* Debug */ = {
			isa = XCBuildConfiguration;
			buildSettings = {
				ALWAYS_SEARCH_USER_PATHS = NO;
				COPY_PHASE_STRIP = NO;
				GCC_DYNAMIC_NO_PIC = NO;
				GCC_OPTIMIZATION_LEVEL = 0;
				GCC_PRECOMPILE_PREFIX_HEADER = YES;
				GCC_PREFIX_HEADER = InfintePlayback_Prefix.pch;
				INFOPLIST_FILE = "InfintePlayback-Info.plist";
				PRODUCT_NAME = InfintePlayback;
			};
			name = Debug;
		};
		1D6058950D05DD3E006BFB54 /* Release */ = {
			isa = XCBuildConfiguration;
			buildSettings = {
				ALWAYS_SEARCH_USER_PATHS = NO;
				COPY_PHASE_STRIP = YES;
				GCC_PRECOMPILE_PREFIX_HEADER = YES;
				GCC_PREFIX_HEADER = InfintePlayback_Prefix.pch;
				INFOPLIST_FILE = "InfintePlayback-Info.plist";
				PRODUCT_NAME = InfintePlayback;
				VALIDATE_PRODUCT = YES;
			};
			name = Release;
		};
		C01FCF4F08A954540054247B /* Debug */ = {
			isa = XCBuildConfiguration;
			buildSettings = {
				ARCHS = "$(ARCHS_STANDARD_32_BIT)";
				"CODE_SIGN_IDENTITY[sdk=iphoneos*]" = "iPhone Developer";
				GCC_C_LANGUAGE_STANDARD = c99;
				GCC_WARN_ABOUT_RETURN_TYPE = YES;
				GCC_WARN_UNUSED_VARIABLE = YES;
				PREBINDING = NO;
				SDKROOT = iphoneos;
				TARGETED_DEVICE_FAMILY = "1,2";
			};
			name = Debug;
		};
		C01FCF5008A954540054247B /* Release */ = {
			isa = XCBuildConfiguration;
			buildSettings = {
				ARCHS = "$(ARCHS_STANDARD_32_BIT)";
				"CODE_SIGN_IDENTITY[sdk=iphoneos*]" = "iPhone Developer";
				GCC_C_LANGUAGE_STANDARD = c99;
				GCC_WARN_ABOUT_RETURN_TYPE = YES;
				GCC_WARN_UNUSED_VARIABLE = YES;
				OTHER_CFLAGS = "-DNS_BLOCK_ASSERTIONS=1";
				PREBINDING = NO;
				SDKROOT = iphoneos;
				TARGETED_DEVICE_FAMILY = "1,2";
			};
			name = Release;
		};
/* End XCBuildConfiguration section */

/* Begin XCConfigurationList section */
		1D6058960D05DD3E006BFB54 /* Build configuration list for PBXNativeTarget "InfintePlayback" */ = {
			isa = XCConfigurationList;
			buildConfigurations = (
				1D6058940D05DD3E006BFB54 /* Debug */,
				1D6058950D05DD3E006BFB54 /* Release */,
			);
			defaultConfigurationIsVisible = 0;
			defaultConfigurationName = Release;
		};
		C01FCF4E08A954540054247B /* Build configuration list for PBXProject "InfintePlayback" */ = {
			isa = XCConfigurationList;
			buildConfigurations = (
				C01FCF4F08A954540054247B /* Debug */,
				C01FCF5008A954540054247B /* Release */,
			);
			defaultConfigurationIsVisible = 0;
			defaultConfigurationName = Release;
		};
/* End XCConfigurationList section */
	};
	rootObject = 29B97313FDCFA39411CA2CEA /* Project object */;
}
