// !$*UTF8*$!
{
	archiveVersion = 1;
	classes = {
	};
	objectVersion = 45;
	objects = {

/* Begin PBXBuildFile section */
		1D60589B0D05DD56006BFB54 /* main.m in Sources */ = {isa = PBXBuildFile; fileRef = 29B97316FDCFA39411CA2CEA /* main.m */; };
		1D60589F0D05DD5A006BFB54 /* Foundation.framework in Frameworks */ = {isa = PBXBuildFile; fileRef = 1D30AB110D05D00D00671497 /* Foundation.framework */; };
		1DF5F4E00D08C38300B7A737 /* UIKit.framework in Frameworks */ = {isa = PBXBuildFile; fileRef = 1DF5F4DF0D08C38300B7A737 /* UIKit.framework */; };
		2860E328111B887F00E27156 /* AppDelegate_iPhone.m in Sources */ = {isa = PBXBuildFile; fileRef = 2860E326111B887F00E27156 /* AppDelegate_iPhone.m */; };
		2860E329111B887F00E27156 /* MainWindow_iPhone.xib in Resources */ = {isa = PBXBuildFile; fileRef = 2860E327111B887F00E27156 /* MainWindow_iPhone.xib */; };
		2860E32E111B888700E27156 /* AppDelegate_iPad.m in Sources */ = {isa = PBXBuildFile; fileRef = 2860E32C111B888700E27156 /* AppDelegate_iPad.m */; };
		2860E32F111B888700E27156 /* MainWindow_iPad.xib in Resources */ = {isa = PBXBuildFile; fileRef = 2860E32D111B888700E27156 /* MainWindow_iPad.xib */; };
		288765FD0DF74451002DB57D /* CoreGraphics.framework in Frameworks */ = {isa = PBXBuildFile; fileRef = 288765FC0DF74451002DB57D /* CoreGraphics.framework */; };
		4E57FE961256B3340077FDAA /* PRPSplashScreenViewController.m in Sources */ = {isa = PBXBuildFile; fileRef = 4E57FE951256B3340077FDAA /* PRPSplashScreenViewController.m */; };
		4E57FEA21256B51D0077FDAA /* QuartzCore.framework in Frameworks */ = {isa = PBXBuildFile; fileRef = 4E57FEA11256B51D0077FDAA /* QuartzCore.framework */; };
		D5A2EC3B12EA44A500CF3CAC /* mask.png in Resources */ = {isa = PBXBuildFile; fileRef = D5A2EC3A12EA44A500CF3CAC /* mask.png */; };
		D5A9050F136546410055D873 /* Default~ipad.png in Resources */ = {isa = PBXBuildFile; fileRef = D5A9050D136546410055D873 /* Default~ipad.png */; };
		D5A90510136546410055D873 /* Default@2x.png in Resources */ = {isa = PBXBuildFile; fileRef = D5A9050E136546410055D873 /* Default@2x.png */; };
		D5AC9E4F12EDDBCA00D9684D /* FontsTableViewController.m in Sources */ = {isa = PBXBuildFile; fileRef = D5AC9E4E12EDDBCA00D9684D /* FontsTableViewController.m */; };
		D5AC9E9D12EDE1AC00D9684D /* Default.pngold in Resources */ = {isa = PBXBuildFile; fileRef = D5AC9E9C12EDE1AC00D9684D /* Default.pngold */; };
		D5AC9E9F12EDE1D100D9684D /* Default.png in Resources */ = {isa = PBXBuildFile; fileRef = D5AC9E9E12EDE1D100D9684D /* Default.png */; };
		D5AC9EAB12EDE2B300D9684D /* leftStripMask.png in Resources */ = {isa = PBXBuildFile; fileRef = D5AC9EAA12EDE2B300D9684D /* leftStripMask.png */; };
		D5AC9F2D12EE2BF900D9684D /* RightStripMask.png in Resources */ = {isa = PBXBuildFile; fileRef = D5AC9F2C12EE2BF900D9684D /* RightStripMask.png */; };
		D5BB469412EE6C9D00398659 /* BottomStripMask.png in Resources */ = {isa = PBXBuildFile; fileRef = D5BB469212EE6C9D00398659 /* BottomStripMask.png */; };
		D5BB469512EE6C9D00398659 /* TopStripMask.png in Resources */ = {isa = PBXBuildFile; fileRef = D5BB469312EE6C9D00398659 /* TopStripMask.png */; };
		D5CE095E12ED425100C33BE5 /* wideMask.png in Resources */ = {isa = PBXBuildFile; fileRef = D5CE095D12ED425100C33BE5 /* wideMask.png */; };
/* End PBXBuildFile section */

/* Begin PBXFileReference section */
		1D30AB110D05D00D00671497 /* Foundation.framework */ = {isa = PBXFileReference; lastKnownFileType = wrapper.framework; name = Foundation.framework; path = System/Library/Frameworks/Foundation.framework; sourceTree = SDKROOT; };
		1D6058910D05DD3D006BFB54 /* SplashScreenReveal.app */ = {isa = PBXFileReference; explicitFileType = wrapper.application; includeInIndex = 0; path = SplashScreenReveal.app; sourceTree = BUILT_PRODUCTS_DIR; };
		1DF5F4DF0D08C38300B7A737 /* UIKit.framework */ = {isa = PBXFileReference; lastKnownFileType = wrapper.framework; name = UIKit.framework; path = System/Library/Frameworks/UIKit.framework; sourceTree = SDKROOT; };
		2860E325111B887F00E27156 /* AppDelegate_iPhone.h */ = {isa = PBXFileReference; fileEncoding = 4; lastKnownFileType = sourcecode.c.h; path = AppDelegate_iPhone.h; sourceTree = "<group>"; };
		2860E326111B887F00E27156 /* AppDelegate_iPhone.m */ = {isa = PBXFileReference; fileEncoding = 4; lastKnownFileType = sourcecode.c.objc; path = AppDelegate_iPhone.m; sourceTree = "<group>"; };
		2860E327111B887F00E27156 /* MainWindow_iPhone.xib */ = {isa = PBXFileReference; lastKnownFileType = file.xib; path = MainWindow_iPhone.xib; sourceTree = "<group>"; };
		2860E32B111B888700E27156 /* AppDelegate_iPad.h */ = {isa = PBXFileReference; fileEncoding = 4; lastKnownFileType = sourcecode.c.h; path = AppDelegate_iPad.h; sourceTree = "<group>"; };
		2860E32C111B888700E27156 /* AppDelegate_iPad.m */ = {isa = PBXFileReference; fileEncoding = 4; lastKnownFileType = sourcecode.c.objc; path = AppDelegate_iPad.m; sourceTree = "<group>"; };
		2860E32D111B888700E27156 /* MainWindow_iPad.xib */ = {isa = PBXFileReference; lastKnownFileType = file.xib; path = MainWindow_iPad.xib; sourceTree = "<group>"; };
		288765FC0DF74451002DB57D /* CoreGraphics.framework */ = {isa = PBXFileReference; lastKnownFileType = wrapper.framework; name = CoreGraphics.framework; path = System/Library/Frameworks/CoreGraphics.framework; sourceTree = SDKROOT; };
		29B97316FDCFA39411CA2CEA /* main.m */ = {isa = PBXFileReference; fileEncoding = 4; lastKnownFileType = sourcecode.c.objc; name = main.m; path = Shared/main.m; sourceTree = "<group>"; };
		32CA4F630368D1EE00C91783 /* SplashScreenReveal_Prefix.pch */ = {isa = PBXFileReference; fileEncoding = 4; lastKnownFileType = sourcecode.c.h; path = SplashScreenReveal_Prefix.pch; sourceTree = "<group>"; };
		4E57FE941256B3340077FDAA /* PRPSplashScreenViewController.h */ = {isa = PBXFileReference; fileEncoding = 4; lastKnownFileType = sourcecode.c.h; path = PRPSplashScreenViewController.h; sourceTree = "<group>"; };
		4E57FE951256B3340077FDAA /* PRPSplashScreenViewController.m */ = {isa = PBXFileReference; fileEncoding = 4; lastKnownFileType = sourcecode.c.objc; path = PRPSplashScreenViewController.m; sourceTree = "<group>"; };
		4E57FEA11256B51D0077FDAA /* QuartzCore.framework */ = {isa = PBXFileReference; lastKnownFileType = wrapper.framework; name = QuartzCore.framework; path = System/Library/Frameworks/QuartzCore.framework; sourceTree = SDKROOT; };
		8D1107310486CEB800E47090 /* SplashScreenReveal-Info.plist */ = {isa = PBXFileReference; fileEncoding = 4; lastKnownFileType = text.plist.xml; path = "SplashScreenReveal-Info.plist"; plistStructureDefinitionIdentifier = "com.apple.xcode.plist.structure-definition.iphone.info-plist"; sourceTree = "<group>"; };
		D5A2EC3A12EA44A500CF3CAC /* mask.png */ = {isa = PBXFileReference; lastKnownFileType = image.png; path = mask.png; sourceTree = "<group>"; };
		D5A9050D136546410055D873 /* Default~ipad.png */ = {isa = PBXFileReference; lastKnownFileType = image.png; path = "Default~ipad.png"; sourceTree = "<group>"; };
		D5A9050E136546410055D873 /* Default@2x.png */ = {isa = PBXFileReference; lastKnownFileType = image.png; path = "Default@2x.png"; sourceTree = "<group>"; };
		D5AC9E4D12EDDBCA00D9684D /* FontsTableViewController.h */ = {isa = PBXFileReference; fileEncoding = 4; lastKnownFileType = sourcecode.c.h; path = FontsTableViewController.h; sourceTree = "<group>"; };
		D5AC9E4E12EDDBCA00D9684D /* FontsTableViewController.m */ = {isa = PBXFileReference; fileEncoding = 4; lastKnownFileType = sourcecode.c.objc; path = FontsTableViewController.m; sourceTree = "<group>"; };
		D5AC9E9C12EDE1AC00D9684D /* Default.pngold */ = {isa = PBXFileReference; lastKnownFileType = file; path = Default.pngold; sourceTree = "<group>"; };
		D5AC9E9E12EDE1D100D9684D /* Default.png */ = {isa = PBXFileReference; lastKnownFileType = image.png; path = Default.png; sourceTree = "<group>"; };
		D5AC9EAA12EDE2B300D9684D /* leftStripMask.png */ = {isa = PBXFileReference; lastKnownFileType = image.png; path = leftStripMask.png; sourceTree = "<group>"; };
		D5AC9F2C12EE2BF900D9684D /* RightStripMask.png */ = {isa = PBXFileReference; lastKnownFileType = image.png; path = RightStripMask.png; sourceTree = "<group>"; };
		D5BB469212EE6C9D00398659 /* BottomStripMask.png */ = {isa = PBXFileReference; lastKnownFileType = image.png; path = BottomStripMask.png; sourceTree = "<group>"; };
		D5BB469312EE6C9D00398659 /* TopStripMask.png */ = {isa = PBXFileReference; lastKnownFileType = image.png; path = TopStripMask.png; sourceTree = "<group>"; };
		D5CE095D12ED425100C33BE5 /* wideMask.png */ = {isa = PBXFileReference; lastKnownFileType = image.png; path = wideMask.png; sourceTree = "<group>"; };
/* End PBXFileReference section */

/* Begin PBXFrameworksBuildPhase section */
		1D60588F0D05DD3D006BFB54 /* Frameworks */ = {
			isa = PBXFrameworksBuildPhase;
			buildActionMask = 2147483647;
			files = (
				1D60589F0D05DD5A006BFB54 /* Foundation.framework in Frameworks */,
				1DF5F4E00D08C38300B7A737 /* UIKit.framework in Frameworks */,
				288765FD0DF74451002DB57D /* CoreGraphics.framework in Frameworks */,
				4E57FEA21256B51D0077FDAA /* QuartzCore.framework in Frameworks */,
			);
			runOnlyForDeploymentPostprocessing = 0;
		};
/* End PBXFrameworksBuildPhase section */

/* Begin PBXGroup section */
		19C28FACFE9D520D11CA2CBB /* Products */ = {
			isa = PBXGroup;
			children = (
				1D6058910D05DD3D006BFB54 /* SplashScreenReveal.app */,
			);
			name = Products;
			sourceTree = "<group>";
		};
		2860E324111B887F00E27156 /* iPhone */ = {
			isa = PBXGroup;
			children = (
				2860E325111B887F00E27156 /* AppDelegate_iPhone.h */,
				2860E326111B887F00E27156 /* AppDelegate_iPhone.m */,
				2860E327111B887F00E27156 /* MainWindow_iPhone.xib */,
			);
			path = iPhone;
			sourceTree = "<group>";
		};
		2860E32A111B888700E27156 /* iPad */ = {
			isa = PBXGroup;
			children = (
				2860E32B111B888700E27156 /* AppDelegate_iPad.h */,
				2860E32C111B888700E27156 /* AppDelegate_iPad.m */,
				2860E32D111B888700E27156 /* MainWindow_iPad.xib */,
			);
			path = iPad;
			sourceTree = "<group>";
		};
		28EEBF621118D79A00187D67 /* Shared */ = {
			isa = PBXGroup;
			children = (
				4E57FE941256B3340077FDAA /* PRPSplashScreenViewController.h */,
				4E57FE951256B3340077FDAA /* PRPSplashScreenViewController.m */,
				D5AC9E4D12EDDBCA00D9684D /* FontsTableViewController.h */,
				D5AC9E4E12EDDBCA00D9684D /* FontsTableViewController.m */,
			);
			name = Shared;
			sourceTree = "<group>";
		};
		29B97314FDCFA39411CA2CEA /* CustomTemplate */ = {
			isa = PBXGroup;
			children = (
				2860E32A111B888700E27156 /* iPad */,
				2860E324111B887F00E27156 /* iPhone */,
				28EEBF621118D79A00187D67 /* Shared */,
				29B97315FDCFA39411CA2CEA /* Other Sources */,
				29B97323FDCFA39411CA2CEA /* Frameworks */,
				19C28FACFE9D520D11CA2CBB /* Products */,
			);
			name = CustomTemplate;
			sourceTree = "<group>";
		};
		29B97315FDCFA39411CA2CEA /* Other Sources */ = {
			isa = PBXGroup;
			children = (
				D5A9050D136546410055D873 /* Default~ipad.png */,
				D5A9050E136546410055D873 /* Default@2x.png */,
				D5AC9EA912EDE29E00D9684D /* Masks */,
				D5AC9E9E12EDE1D100D9684D /* Default.png */,
				D5AC9E9C12EDE1AC00D9684D /* Default.pngold */,
				8D1107310486CEB800E47090 /* SplashScreenReveal-Info.plist */,
				32CA4F630368D1EE00C91783 /* SplashScreenReveal_Prefix.pch */,
				29B97316FDCFA39411CA2CEA /* main.m */,
			);
			name = "Other Sources";
			sourceTree = "<group>";
		};
		29B97323FDCFA39411CA2CEA /* Frameworks */ = {
			isa = PBXGroup;
			children = (
				1DF5F4DF0D08C38300B7A737 /* UIKit.framework */,
				1D30AB110D05D00D00671497 /* Foundation.framework */,
				288765FC0DF74451002DB57D /* CoreGraphics.framework */,
				4E57FEA11256B51D0077FDAA /* QuartzCore.framework */,
			);
			name = Frameworks;
			sourceTree = "<group>";
		};
		D5AC9EA912EDE29E00D9684D /* Masks */ = {
			isa = PBXGroup;
			children = (
				D5BB469212EE6C9D00398659 /* BottomStripMask.png */,
				D5BB469312EE6C9D00398659 /* TopStripMask.png */,
				D5AC9F2C12EE2BF900D9684D /* RightStripMask.png */,
				D5AC9EAA12EDE2B300D9684D /* leftStripMask.png */,
				D5A2EC3A12EA44A500CF3CAC /* mask.png */,
				D5CE095D12ED425100C33BE5 /* wideMask.png */,
			);
			name = Masks;
			sourceTree = "<group>";
		};
/* End PBXGroup section */

/* Begin PBXNativeTarget section */
		1D6058900D05DD3D006BFB54 /* SplashScreenReveal */ = {
			isa = PBXNativeTarget;
			buildConfigurationList = 1D6058960D05DD3E006BFB54 /* Build configuration list for PBXNativeTarget "SplashScreenReveal" */;
			buildPhases = (
				1D60588D0D05DD3D006BFB54 /* Resources */,
				1D60588E0D05DD3D006BFB54 /* Sources */,
				1D60588F0D05DD3D006BFB54 /* Frameworks */,
			);
			buildRules = (
			);
			dependencies = (
			);
			name = SplashScreenReveal;
			productName = BasicSplashScreen;
			productReference = 1D6058910D05DD3D006BFB54 /* SplashScreenReveal.app */;
			productType = "com.apple.product-type.application";
		};
/* End PBXNativeTarget section */

/* Begin PBXProject section */
		29B97313FDCFA39411CA2CEA /* Project object */ = {
			isa = PBXProject;
			buildConfigurationList = C01FCF4E08A954540054247B /* Build configuration list for PBXProject "SplashScreenReveal" */;
			compatibilityVersion = "Xcode 3.1";
			developmentRegion = English;
			hasScannedForEncodings = 1;
			knownRegions = (
				English,
				Japanese,
				French,
				German,
			);
			mainGroup = 29B97314FDCFA39411CA2CEA /* CustomTemplate */;
			projectDirPath = "";
			projectRoot = "";
			targets = (
				1D6058900D05DD3D006BFB54 /* SplashScreenReveal */,
			);
		};
/* End PBXProject section */

/* Begin PBXResourcesBuildPhase section */
		1D60588D0D05DD3D006BFB54 /* Resources */ = {
			isa = PBXResourcesBuildPhase;
			buildActionMask = 2147483647;
			files = (
				2860E329111B887F00E27156 /* MainWindow_iPhone.xib in Resources */,
				2860E32F111B888700E27156 /* MainWindow_iPad.xib in Resources */,
				D5A2EC3B12EA44A500CF3CAC /* mask.png in Resources */,
				D5CE095E12ED425100C33BE5 /* wideMask.png in Resources */,
				D5AC9E9D12EDE1AC00D9684D /* Default.pngold in Resources */,
				D5AC9E9F12EDE1D100D9684D /* Default.png in Resources */,
				D5AC9EAB12EDE2B300D9684D /* leftStripMask.png in Resources */,
				D5AC9F2D12EE2BF900D9684D /* RightStripMask.png in Resources */,
				D5BB469412EE6C9D00398659 /* BottomStripMask.png in Resources */,
				D5BB469512EE6C9D00398659 /* TopStripMask.png in Resources */,
				D5A9050F136546410055D873 /* Default~ipad.png in Resources */,
				D5A90510136546410055D873 /* Default@2x.png in Resources */,
			);
			runOnlyForDeploymentPostprocessing = 0;
		};
/* End PBXResourcesBuildPhase section */

/* Begin PBXSourcesBuildPhase section */
		1D60588E0D05DD3D006BFB54 /* Sources */ = {
			isa = PBXSourcesBuildPhase;
			buildActionMask = 2147483647;
			files = (
				1D60589B0D05DD56006BFB54 /* main.m in Sources */,
				2860E328111B887F00E27156 /* AppDelegate_iPhone.m in Sources */,
				2860E32E111B888700E27156 /* AppDelegate_iPad.m in Sources */,
				4E57FE961256B3340077FDAA /* PRPSplashScreenViewController.m in Sources */,
				D5AC9E4F12EDDBCA00D9684D /* FontsTableViewController.m in Sources */,
			);
			runOnlyForDeploymentPostprocessing = 0;
		};
/* End PBXSourcesBuildPhase section */

/* Begin XCBuildConfiguration section */
		1D6058940D05DD3E006BFB54 /* Debug */ = {
			isa = XCBuildConfiguration;
			buildSettings = {
				ALWAYS_SEARCH_USER_PATHS = NO;
				COPY_PHASE_STRIP = NO;
				GCC_DYNAMIC_NO_PIC = NO;
				GCC_OPTIMIZATION_LEVEL = 0;
				GCC_PRECOMPILE_PREFIX_HEADER = YES;
				GCC_PREFIX_HEADER = SplashScreenReveal_Prefix.pch;
				INFOPLIST_FILE = "SplashScreenReveal-Info.plist";
				PRODUCT_NAME = SplashScreenReveal;
				SDKROOT = iphoneos;
			};
			name = Debug;
		};
		1D6058950D05DD3E006BFB54 /* Release */ = {
			isa = XCBuildConfiguration;
			buildSettings = {
				ALWAYS_SEARCH_USER_PATHS = NO;
				COPY_PHASE_STRIP = YES;
				GCC_PRECOMPILE_PREFIX_HEADER = YES;
				GCC_PREFIX_HEADER = SplashScreenReveal_Prefix.pch;
				INFOPLIST_FILE = "SplashScreenReveal-Info.plist";
				PRODUCT_NAME = SplashScreenReveal;
				SDKROOT = iphoneos;
				VALIDATE_PRODUCT = YES;
			};
			name = Release;
		};
		C01FCF4F08A954540054247B /* Debug */ = {
			isa = XCBuildConfiguration;
			buildSettings = {
				ARCHS = "$(ARCHS_STANDARD_32_BIT)";
				"CODE_SIGN_IDENTITY[sdk=iphoneos*]" = "iPhone Developer";
				GCC_C_LANGUAGE_STANDARD = c99;
				GCC_WARN_ABOUT_RETURN_TYPE = YES;
				GCC_WARN_UNUSED_VARIABLE = YES;
				IPHONEOS_DEPLOYMENT_TARGET = 4.0;
				PREBINDING = NO;
				SDKROOT = iphoneos;
				TARGETED_DEVICE_FAMILY = "1,2";
			};
			name = Debug;
		};
		C01FCF5008A954540054247B /* Release */ = {
			isa = XCBuildConfiguration;
			buildSettings = {
				ARCHS = "$(ARCHS_STANDARD_32_BIT)";
				"CODE_SIGN_IDENTITY[sdk=iphoneos*]" = "iPhone Developer";
				GCC_C_LANGUAGE_STANDARD = c99;
				GCC_WARN_ABOUT_RETURN_TYPE = YES;
				GCC_WARN_UNUSED_VARIABLE = YES;
				IPHONEOS_DEPLOYMENT_TARGET = 4.0;
				OTHER_CFLAGS = "-DNS_BLOCK_ASSERTIONS=1";
				PREBINDING = NO;
				SDKROOT = iphoneos4.1;
				TARGETED_DEVICE_FAMILY = "1,2";
			};
			name = Release;
		};
/* End XCBuildConfiguration section */

/* Begin XCConfigurationList section */
		1D6058960D05DD3E006BFB54 /* Build configuration list for PBXNativeTarget "SplashScreenReveal" */ = {
			isa = XCConfigurationList;
			buildConfigurations = (
				1D6058940D05DD3E006BFB54 /* Debug */,
				1D6058950D05DD3E006BFB54 /* Release */,
			);
			defaultConfigurationIsVisible = 0;
			defaultConfigurationName = Release;
		};
		C01FCF4E08A954540054247B /* Build configuration list for PBXProject "SplashScreenReveal" */ = {
			isa = XCConfigurationList;
			buildConfigurations = (
				C01FCF4F08A954540054247B /* Debug */,
				C01FCF5008A954540054247B /* Release */,
			);
			defaultConfigurationIsVisible = 0;
			defaultConfigurationName = Release;
		};
/* End XCConfigurationList section */
	};
	rootObject = 29B97313FDCFA39411CA2CEA /* Project object */;
}
